<?xml version="1.0" encoding="UTF-8"?>
<!DOCTYPE plist PUBLIC "-//Apple//DTD PLIST 1.0//EN" "http://www.apple.com/DTDs/PropertyList-1.0.dtd">
<plist version="1.0">
<dict>
	<key>archiveVersion</key>
	<string>1</string>
	<key>classes</key>
	<dict/>
	<key>objectVersion</key>
	<string>46</string>
	<key>objects</key>
	<dict>
		<key>050DF05A714649988BB8AA0E</key>
		<dict>
			<key>buildActionMask</key>
			<string>2147483647</string>
			<key>files</key>
			<array/>
			<key>inputPaths</key>
			<array/>
			<key>isa</key>
			<string>PBXShellScriptBuildPhase</string>
			<key>name</key>
			<string>Copy Pods Resources</string>
			<key>outputPaths</key>
			<array/>
			<key>runOnlyForDeploymentPostprocessing</key>
			<string>0</string>
			<key>shellPath</key>
			<string>/bin/sh</string>
			<key>shellScript</key>
			<string>"${SRCROOT}/Pods/Target Support Files/Pods-DoubleNodeDemoTests/Pods-DoubleNodeDemoTests-resources.sh"
</string>
			<key>showEnvVarsInLog</key>
			<string>0</string>
		</dict>
		<key>51D042E49A9502DA47C279A6</key>
		<dict>
			<key>includeInIndex</key>
			<string>1</string>
			<key>isa</key>
			<string>PBXFileReference</string>
			<key>lastKnownFileType</key>
			<string>text.xcconfig</string>
			<key>name</key>
			<string>Pods-DoubleNodeDemoTests.debug.xcconfig</string>
			<key>path</key>
			<string>Pods/Target Support Files/Pods-DoubleNodeDemoTests/Pods-DoubleNodeDemoTests.debug.xcconfig</string>
			<key>sourceTree</key>
			<string>&lt;group&gt;</string>
		</dict>
		<key>53E9B941638B46D8B3AB150C</key>
		<dict>
			<key>fileRef</key>
			<string>E6A82657FC714FFD82E1CAC5</string>
			<key>isa</key>
			<string>PBXBuildFile</string>
		</dict>
		<key>595B9D063FD34AF1AE146B46</key>
		<dict>
			<key>buildActionMask</key>
			<string>2147483647</string>
			<key>files</key>
			<array/>
			<key>inputPaths</key>
			<array/>
			<key>isa</key>
			<string>PBXShellScriptBuildPhase</string>
			<key>name</key>
			<string>Check Pods Manifest.lock</string>
			<key>outputPaths</key>
			<array/>
			<key>runOnlyForDeploymentPostprocessing</key>
			<string>0</string>
			<key>shellPath</key>
			<string>/bin/sh</string>
			<key>shellScript</key>
			<string>diff "${PODS_ROOT}/../Podfile.lock" "${PODS_ROOT}/Manifest.lock" &gt; /dev/null
if [[ $? != 0 ]] ; then
    cat &lt;&lt; EOM
error: The sandbox is not in sync with the Podfile.lock. Run 'pod install' or update your CocoaPods installation.
EOM
    exit 1
fi
</string>
			<key>showEnvVarsInLog</key>
			<string>0</string>
		</dict>
		<key>68EAE1DF419A459D8DB479A7</key>
		<dict>
			<key>buildActionMask</key>
			<string>2147483647</string>
			<key>files</key>
			<array/>
			<key>inputPaths</key>
			<array/>
			<key>isa</key>
			<string>PBXShellScriptBuildPhase</string>
			<key>name</key>
			<string>Check Pods Manifest.lock</string>
			<key>outputPaths</key>
			<array/>
			<key>runOnlyForDeploymentPostprocessing</key>
			<string>0</string>
			<key>shellPath</key>
			<string>/bin/sh</string>
			<key>shellScript</key>
			<string>diff "${PODS_ROOT}/../Podfile.lock" "${PODS_ROOT}/Manifest.lock" &gt; /dev/null
if [[ $? != 0 ]] ; then
    cat &lt;&lt; EOM
error: The sandbox is not in sync with the Podfile.lock. Run 'pod install' or update your CocoaPods installation.
EOM
    exit 1
fi
</string>
			<key>showEnvVarsInLog</key>
			<string>0</string>
		</dict>
		<key>6EF125394017A1C4D2DE0EA6</key>
		<dict>
			<key>includeInIndex</key>
			<string>1</string>
			<key>isa</key>
			<string>PBXFileReference</string>
			<key>lastKnownFileType</key>
			<string>text.xcconfig</string>
			<key>name</key>
			<string>Pods-DoubleNodeDemoTests.release.xcconfig</string>
			<key>path</key>
			<string>Pods/Target Support Files/Pods-DoubleNodeDemoTests/Pods-DoubleNodeDemoTests.release.xcconfig</string>
			<key>sourceTree</key>
			<string>&lt;group&gt;</string>
		</dict>
		<key>9141F30A3E564AFA97F87E0C</key>
		<dict>
			<key>buildActionMask</key>
			<string>2147483647</string>
			<key>files</key>
			<array/>
			<key>inputPaths</key>
			<array/>
			<key>isa</key>
			<string>PBXShellScriptBuildPhase</string>
			<key>name</key>
			<string>Copy Pods Resources</string>
			<key>outputPaths</key>
			<array/>
			<key>runOnlyForDeploymentPostprocessing</key>
			<string>0</string>
			<key>shellPath</key>
			<string>/bin/sh</string>
			<key>shellScript</key>
			<string>"${SRCROOT}/Pods/Target Support Files/Pods/Pods-resources.sh"
</string>
			<key>showEnvVarsInLog</key>
			<string>0</string>
		</dict>
		<key>AD1534BF1831407A00838A08</key>
		<dict>
			<key>fileEncoding</key>
			<string>4</string>
			<key>isa</key>
			<string>PBXFileReference</string>
			<key>lastKnownFileType</key>
			<string>sourcecode.c.h</string>
			<key>name</key>
			<string>DNStateOptions.h</string>
			<key>path</key>
			<string>Classes/DNStateOptions.h</string>
			<key>sourceTree</key>
			<string>SOURCE_ROOT</string>
		</dict>
		<key>AD1534C01831407A00838A08</key>
		<dict>
			<key>fileEncoding</key>
			<string>4</string>
			<key>isa</key>
			<string>PBXFileReference</string>
			<key>lastKnownFileType</key>
			<string>sourcecode.c.objc</string>
			<key>name</key>
			<string>DNStateOptions.m</string>
			<key>path</key>
			<string>Classes/DNStateOptions.m</string>
			<key>sourceTree</key>
			<string>SOURCE_ROOT</string>
		</dict>
		<key>AD1534C11831407A00838A08</key>
		<dict>
			<key>fileEncoding</key>
			<string>4</string>
			<key>isa</key>
			<string>PBXFileReference</string>
			<key>lastKnownFileType</key>
			<string>sourcecode.c.h</string>
			<key>name</key>
			<string>DNStateViewController.h</string>
			<key>path</key>
			<string>Classes/DNStateViewController.h</string>
			<key>sourceTree</key>
			<string>SOURCE_ROOT</string>
		</dict>
		<key>AD1534C21831407A00838A08</key>
		<dict>
			<key>fileEncoding</key>
			<string>4</string>
			<key>isa</key>
			<string>PBXFileReference</string>
			<key>lastKnownFileType</key>
			<string>sourcecode.c.objc</string>
			<key>name</key>
			<string>DNStateViewController.m</string>
			<key>path</key>
			<string>Classes/DNStateViewController.m</string>
			<key>sourceTree</key>
			<string>SOURCE_ROOT</string>
		</dict>
		<key>AD1534C31831407A00838A08</key>
		<dict>
			<key>fileEncoding</key>
			<string>4</string>
			<key>isa</key>
			<string>PBXFileReference</string>
			<key>lastKnownFileType</key>
			<string>sourcecode.c.h</string>
			<key>name</key>
			<string>DNTextField.h</string>
			<key>path</key>
			<string>Classes/DNTextField.h</string>
			<key>sourceTree</key>
			<string>SOURCE_ROOT</string>
		</dict>
		<key>AD1534C41831407A00838A08</key>
		<dict>
			<key>fileEncoding</key>
			<string>4</string>
			<key>isa</key>
			<string>PBXFileReference</string>
			<key>lastKnownFileType</key>
			<string>sourcecode.c.objc</string>
			<key>name</key>
			<string>DNTextField.m</string>
			<key>path</key>
			<string>Classes/DNTextField.m</string>
			<key>sourceTree</key>
			<string>SOURCE_ROOT</string>
		</dict>
		<key>AD1534C61831407A00838A08</key>
		<dict>
			<key>fileRef</key>
			<string>AD1534C01831407A00838A08</string>
			<key>isa</key>
			<string>PBXBuildFile</string>
		</dict>
		<key>AD1534C71831407A00838A08</key>
		<dict>
			<key>fileRef</key>
			<string>AD1534C21831407A00838A08</string>
			<key>isa</key>
			<string>PBXBuildFile</string>
		</dict>
		<key>AD1534C81831407A00838A08</key>
		<dict>
			<key>fileRef</key>
			<string>AD1534C41831407A00838A08</string>
			<key>isa</key>
			<string>PBXBuildFile</string>
		</dict>
		<key>ADC9D4E91821A2800019F0DA</key>
		<dict>
			<key>children</key>
			<array>
				<string>ADC9D57F1821EA530019F0DA</string>
				<string>ADC9D5C81821EA640019F0DA</string>
				<string>ADC9D4FD1821A2800019F0DA</string>
				<string>ADC9D51A1821A2800019F0DA</string>
				<string>ADC9D4F41821A2800019F0DA</string>
				<string>ADC9D4F31821A2800019F0DA</string>
				<string>B855CDC77E4152F5D8E45A0F</string>
			</array>
			<key>isa</key>
			<string>PBXGroup</string>
			<key>sourceTree</key>
			<string>&lt;group&gt;</string>
		</dict>
		<key>ADC9D4EA1821A2800019F0DA</key>
		<dict>
			<key>attributes</key>
			<dict>
				<key>CLASSPREFIX</key>
				<string>DN</string>
				<key>LastUpgradeCheck</key>
				<string>0500</string>
				<key>ORGANIZATIONNAME</key>
				<string>DoubleNode</string>
				<key>TargetAttributes</key>
				<dict>
					<key>ADC9D5111821A2800019F0DA</key>
					<dict>
						<key>TestTargetID</key>
						<string>ADC9D4F11821A2800019F0DA</string>
					</dict>
				</dict>
			</dict>
			<key>buildConfigurationList</key>
			<string>ADC9D4ED1821A2800019F0DA</string>
			<key>compatibilityVersion</key>
			<string>Xcode 3.2</string>
			<key>developmentRegion</key>
			<string>English</string>
			<key>hasScannedForEncodings</key>
			<string>0</string>
			<key>isa</key>
			<string>PBXProject</string>
			<key>knownRegions</key>
			<array>
				<string>en</string>
			</array>
			<key>mainGroup</key>
			<string>ADC9D4E91821A2800019F0DA</string>
			<key>productRefGroup</key>
			<string>ADC9D4F31821A2800019F0DA</string>
			<key>projectDirPath</key>
			<string></string>
			<key>projectReferences</key>
			<array/>
			<key>projectRoot</key>
			<string></string>
			<key>targets</key>
			<array>
				<string>ADC9D4F11821A2800019F0DA</string>
				<string>ADC9D5111821A2800019F0DA</string>
				<string>ADC9D5791821A8F80019F0DA</string>
			</array>
		</dict>
		<key>ADC9D4ED1821A2800019F0DA</key>
		<dict>
			<key>buildConfigurations</key>
			<array>
				<string>ADC9D5221821A2800019F0DA</string>
				<string>ADC9D5231821A2800019F0DA</string>
			</array>
			<key>defaultConfigurationIsVisible</key>
			<string>0</string>
			<key>defaultConfigurationName</key>
			<string>Release</string>
			<key>isa</key>
			<string>XCConfigurationList</string>
		</dict>
		<key>ADC9D4EE1821A2800019F0DA</key>
		<dict>
			<key>buildActionMask</key>
			<string>2147483647</string>
			<key>files</key>
			<array>
				<string>ADC9D5C21821EA5E0019F0DA</string>
				<string>ADC9D5BB1821EA5E0019F0DA</string>
				<string>ADC9D5C51821EA5E0019F0DA</string>
				<string>ADC9D5B41821EA5E0019F0DA</string>
				<string>ADC9D57E1821A93F0019F0DA</string>
				<string>ADC9D5BA1821EA5E0019F0DA</string>
				<string>ADC9D5B91821EA5E0019F0DA</string>
				<string>ADC9D5C31821EA5E0019F0DA</string>
				<string>ADC9D50B1821A2800019F0DA</string>
				<string>ADC9D5B81821EA5E0019F0DA</string>
				<string>ADC9D5B51821EA5E0019F0DA</string>
				<string>ADC9D5B71821EA5E0019F0DA</string>
				<string>AD1534C71831407A00838A08</string>
				<string>ADC9D5C41821EA5E0019F0DA</string>
				<string>ADC9D5C01821EA5E0019F0DA</string>
				<string>ADC9D5B61821EA5E0019F0DA</string>
				<string>ADC9D5BD1821EA5E0019F0DA</string>
				<string>ADC9D5B31821EA5E0019F0DA</string>
				<string>ADC9D5B21821EA5E0019F0DA</string>
				<string>ADC9D5041821A2800019F0DA</string>
				<string>ADC9D5C71821EA5E0019F0DA</string>
				<string>ADC9D5BF1821EA5E0019F0DA</string>
				<string>AD1534C81831407A00838A08</string>
				<string>ADC9D5BE1821EA5E0019F0DA</string>
				<string>ADC9D5C11821EA5E0019F0DA</string>
				<string>ADC9D5BC1821EA5E0019F0DA</string>
				<string>ADC9D5C61821EA5E0019F0DA</string>
				<string>AD1534C61831407A00838A08</string>
			</array>
			<key>isa</key>
			<string>PBXSourcesBuildPhase</string>
			<key>runOnlyForDeploymentPostprocessing</key>
			<string>0</string>
		</dict>
		<key>ADC9D4EF1821A2800019F0DA</key>
		<dict>
			<key>buildActionMask</key>
			<string>2147483647</string>
			<key>files</key>
			<array>
				<string>ADC9D4F81821A2800019F0DA</string>
				<string>ADC9D4FC1821A2800019F0DA</string>
				<string>ADC9D4FA1821A2800019F0DA</string>
				<string>ADC9D4F61821A2800019F0DA</string>
				<string>53E9B941638B46D8B3AB150C</string>
			</array>
			<key>isa</key>
			<string>PBXFrameworksBuildPhase</string>
			<key>runOnlyForDeploymentPostprocessing</key>
			<string>0</string>
		</dict>
		<key>ADC9D4F01821A2800019F0DA</key>
		<dict>
			<key>buildActionMask</key>
			<string>2147483647</string>
			<key>files</key>
			<array>
				<string>ADC9D5801821EA530019F0DA</string>
				<string>ADC9D5021821A2800019F0DA</string>
				<string>ADC9D50D1821A2800019F0DA</string>
			</array>
			<key>isa</key>
			<string>PBXResourcesBuildPhase</string>
			<key>runOnlyForDeploymentPostprocessing</key>
			<string>0</string>
		</dict>
		<key>ADC9D4F11821A2800019F0DA</key>
		<dict>
			<key>buildConfigurationList</key>
			<string>ADC9D5241821A2800019F0DA</string>
			<key>buildPhases</key>
			<array>
				<string>595B9D063FD34AF1AE146B46</string>
				<string>ADC9D4EE1821A2800019F0DA</string>
				<string>ADC9D4EF1821A2800019F0DA</string>
				<string>ADC9D4F01821A2800019F0DA</string>
				<string>9141F30A3E564AFA97F87E0C</string>
			</array>
			<key>buildRules</key>
			<array/>
			<key>dependencies</key>
			<array/>
			<key>isa</key>
			<string>PBXNativeTarget</string>
			<key>name</key>
			<string>DoubleNodeDemo</string>
			<key>productName</key>
			<string>DoubleNodeDemo</string>
			<key>productReference</key>
			<string>ADC9D4F21821A2800019F0DA</string>
			<key>productType</key>
			<string>com.apple.product-type.application</string>
		</dict>
		<key>ADC9D4F21821A2800019F0DA</key>
		<dict>
			<key>explicitFileType</key>
			<string>wrapper.application</string>
			<key>includeInIndex</key>
			<string>0</string>
			<key>isa</key>
			<string>PBXFileReference</string>
			<key>path</key>
			<string>DoubleNodeDemo.app</string>
			<key>sourceTree</key>
			<string>BUILT_PRODUCTS_DIR</string>
		</dict>
		<key>ADC9D4F31821A2800019F0DA</key>
		<dict>
			<key>children</key>
			<array>
				<string>ADC9D4F21821A2800019F0DA</string>
				<string>ADC9D5121821A2800019F0DA</string>
			</array>
			<key>isa</key>
			<string>PBXGroup</string>
			<key>name</key>
			<string>Products</string>
			<key>sourceTree</key>
			<string>&lt;group&gt;</string>
		</dict>
		<key>ADC9D4F41821A2800019F0DA</key>
		<dict>
			<key>children</key>
			<array>
				<string>ADC9D4F51821A2800019F0DA</string>
				<string>ADC9D4F71821A2800019F0DA</string>
				<string>ADC9D4F91821A2800019F0DA</string>
				<string>ADC9D4FB1821A2800019F0DA</string>
				<string>ADC9D5131821A2800019F0DA</string>
				<string>E6A82657FC714FFD82E1CAC5</string>
				<string>DE93342EB6034523B4D4C87A</string>
			</array>
			<key>isa</key>
			<string>PBXGroup</string>
			<key>name</key>
			<string>Frameworks</string>
			<key>sourceTree</key>
			<string>&lt;group&gt;</string>
		</dict>
		<key>ADC9D4F51821A2800019F0DA</key>
		<dict>
			<key>isa</key>
			<string>PBXFileReference</string>
			<key>lastKnownFileType</key>
			<string>wrapper.framework</string>
			<key>name</key>
			<string>Foundation.framework</string>
			<key>path</key>
			<string>System/Library/Frameworks/Foundation.framework</string>
			<key>sourceTree</key>
			<string>SDKROOT</string>
		</dict>
		<key>ADC9D4F61821A2800019F0DA</key>
		<dict>
			<key>fileRef</key>
			<string>ADC9D4F51821A2800019F0DA</string>
			<key>isa</key>
			<string>PBXBuildFile</string>
		</dict>
		<key>ADC9D4F71821A2800019F0DA</key>
		<dict>
			<key>isa</key>
			<string>PBXFileReference</string>
			<key>lastKnownFileType</key>
			<string>wrapper.framework</string>
			<key>name</key>
			<string>CoreGraphics.framework</string>
			<key>path</key>
			<string>System/Library/Frameworks/CoreGraphics.framework</string>
			<key>sourceTree</key>
			<string>SDKROOT</string>
		</dict>
		<key>ADC9D4F81821A2800019F0DA</key>
		<dict>
			<key>fileRef</key>
			<string>ADC9D4F71821A2800019F0DA</string>
			<key>isa</key>
			<string>PBXBuildFile</string>
		</dict>
		<key>ADC9D4F91821A2800019F0DA</key>
		<dict>
			<key>isa</key>
			<string>PBXFileReference</string>
			<key>lastKnownFileType</key>
			<string>wrapper.framework</string>
			<key>name</key>
			<string>UIKit.framework</string>
			<key>path</key>
			<string>System/Library/Frameworks/UIKit.framework</string>
			<key>sourceTree</key>
			<string>SDKROOT</string>
		</dict>
		<key>ADC9D4FA1821A2800019F0DA</key>
		<dict>
			<key>fileRef</key>
			<string>ADC9D4F91821A2800019F0DA</string>
			<key>isa</key>
			<string>PBXBuildFile</string>
		</dict>
		<key>ADC9D4FB1821A2800019F0DA</key>
		<dict>
			<key>isa</key>
			<string>PBXFileReference</string>
			<key>lastKnownFileType</key>
			<string>wrapper.framework</string>
			<key>name</key>
			<string>CoreData.framework</string>
			<key>path</key>
			<string>System/Library/Frameworks/CoreData.framework</string>
			<key>sourceTree</key>
			<string>SDKROOT</string>
		</dict>
		<key>ADC9D4FC1821A2800019F0DA</key>
		<dict>
			<key>fileRef</key>
			<string>ADC9D4FB1821A2800019F0DA</string>
			<key>isa</key>
			<string>PBXBuildFile</string>
		</dict>
		<key>ADC9D4FD1821A2800019F0DA</key>
		<dict>
			<key>children</key>
			<array>
				<string>ADC9D5061821A2800019F0DA</string>
				<string>ADC9D5071821A2800019F0DA</string>
				<string>ADC9D50C1821A2800019F0DA</string>
				<string>ADC9D5091821A2800019F0DA</string>
				<string>ADC9D4FE1821A2800019F0DA</string>
			</array>
			<key>isa</key>
			<string>PBXGroup</string>
			<key>path</key>
			<string>DoubleNodeDemo</string>
			<key>sourceTree</key>
			<string>&lt;group&gt;</string>
		</dict>
		<key>ADC9D4FE1821A2800019F0DA</key>
		<dict>
			<key>children</key>
			<array>
				<string>ADC9D4FF1821A2800019F0DA</string>
				<string>ADC9D5001821A2800019F0DA</string>
				<string>ADC9D5031821A2800019F0DA</string>
				<string>ADC9D5051821A2800019F0DA</string>
			</array>
			<key>isa</key>
			<string>PBXGroup</string>
			<key>name</key>
			<string>Supporting Files</string>
			<key>sourceTree</key>
			<string>&lt;group&gt;</string>
		</dict>
		<key>ADC9D4FF1821A2800019F0DA</key>
		<dict>
			<key>isa</key>
			<string>PBXFileReference</string>
			<key>lastKnownFileType</key>
			<string>text.plist.xml</string>
			<key>path</key>
			<string>DoubleNodeDemo-Info.plist</string>
			<key>sourceTree</key>
			<string>&lt;group&gt;</string>
		</dict>
		<key>ADC9D5001821A2800019F0DA</key>
		<dict>
			<key>children</key>
			<array>
				<string>ADC9D5011821A2800019F0DA</string>
			</array>
			<key>isa</key>
			<string>PBXVariantGroup</string>
			<key>name</key>
			<string>InfoPlist.strings</string>
			<key>sourceTree</key>
			<string>&lt;group&gt;</string>
		</dict>
		<key>ADC9D5011821A2800019F0DA</key>
		<dict>
			<key>isa</key>
			<string>PBXFileReference</string>
			<key>lastKnownFileType</key>
			<string>text.plist.strings</string>
			<key>name</key>
			<string>en</string>
			<key>path</key>
			<string>en.lproj/InfoPlist.strings</string>
			<key>sourceTree</key>
			<string>&lt;group&gt;</string>
		</dict>
		<key>ADC9D5021821A2800019F0DA</key>
		<dict>
			<key>fileRef</key>
			<string>ADC9D5001821A2800019F0DA</string>
			<key>isa</key>
			<string>PBXBuildFile</string>
		</dict>
		<key>ADC9D5031821A2800019F0DA</key>
		<dict>
			<key>isa</key>
			<string>PBXFileReference</string>
			<key>lastKnownFileType</key>
			<string>sourcecode.c.objc</string>
			<key>path</key>
			<string>main.m</string>
			<key>sourceTree</key>
			<string>&lt;group&gt;</string>
		</dict>
		<key>ADC9D5041821A2800019F0DA</key>
		<dict>
			<key>fileRef</key>
			<string>ADC9D5031821A2800019F0DA</string>
			<key>isa</key>
			<string>PBXBuildFile</string>
		</dict>
		<key>ADC9D5051821A2800019F0DA</key>
		<dict>
			<key>isa</key>
			<string>PBXFileReference</string>
			<key>lastKnownFileType</key>
			<string>sourcecode.c.h</string>
			<key>path</key>
			<string>DoubleNodeDemo-Prefix.pch</string>
			<key>sourceTree</key>
			<string>&lt;group&gt;</string>
		</dict>
		<key>ADC9D5061821A2800019F0DA</key>
		<dict>
			<key>isa</key>
			<string>PBXFileReference</string>
			<key>lastKnownFileType</key>
			<string>sourcecode.c.h</string>
			<key>path</key>
			<string>DNAppDelegate.h</string>
			<key>sourceTree</key>
			<string>&lt;group&gt;</string>
		</dict>
		<key>ADC9D5071821A2800019F0DA</key>
		<dict>
			<key>isa</key>
			<string>PBXFileReference</string>
			<key>lastKnownFileType</key>
			<string>sourcecode.c.objc</string>
			<key>path</key>
			<string>DNAppDelegate.m</string>
			<key>sourceTree</key>
			<string>&lt;group&gt;</string>
		</dict>
		<key>ADC9D5091821A2800019F0DA</key>
		<dict>
			<key>children</key>
			<array>
				<string>ADC9D50A1821A2800019F0DA</string>
			</array>
			<key>currentVersion</key>
			<string>ADC9D50A1821A2800019F0DA</string>
			<key>isa</key>
			<string>XCVersionGroup</string>
			<key>path</key>
			<string>DoubleNodeDemo.xcdatamodeld</string>
			<key>sourceTree</key>
			<string>&lt;group&gt;</string>
			<key>versionGroupType</key>
			<string>wrapper.xcdatamodel</string>
		</dict>
		<key>ADC9D50A1821A2800019F0DA</key>
		<dict>
			<key>isa</key>
			<string>PBXFileReference</string>
			<key>lastKnownFileType</key>
			<string>wrapper.xcdatamodel</string>
			<key>path</key>
			<string>DoubleNodeDemo.xcdatamodel</string>
			<key>sourceTree</key>
			<string>&lt;group&gt;</string>
		</dict>
		<key>ADC9D50B1821A2800019F0DA</key>
		<dict>
			<key>fileRef</key>
			<string>ADC9D5091821A2800019F0DA</string>
			<key>isa</key>
			<string>PBXBuildFile</string>
		</dict>
		<key>ADC9D50C1821A2800019F0DA</key>
		<dict>
			<key>isa</key>
			<string>PBXFileReference</string>
			<key>lastKnownFileType</key>
			<string>folder.assetcatalog</string>
			<key>path</key>
			<string>Images.xcassets</string>
			<key>sourceTree</key>
			<string>&lt;group&gt;</string>
		</dict>
		<key>ADC9D50D1821A2800019F0DA</key>
		<dict>
			<key>fileRef</key>
			<string>ADC9D50C1821A2800019F0DA</string>
			<key>isa</key>
			<string>PBXBuildFile</string>
		</dict>
		<key>ADC9D50E1821A2800019F0DA</key>
		<dict>
			<key>buildActionMask</key>
			<string>2147483647</string>
			<key>files</key>
			<array>
				<string>ADC9D5211821A2800019F0DA</string>
			</array>
			<key>isa</key>
			<string>PBXSourcesBuildPhase</string>
			<key>runOnlyForDeploymentPostprocessing</key>
			<string>0</string>
		</dict>
		<key>ADC9D50F1821A2800019F0DA</key>
		<dict>
			<key>buildActionMask</key>
			<string>2147483647</string>
			<key>files</key>
			<array>
				<string>ADC9D5141821A2800019F0DA</string>
				<string>ADC9D5171821A2800019F0DA</string>
				<string>ADC9D5161821A2800019F0DA</string>
				<string>ADC9D5151821A2800019F0DA</string>
				<string>DA2BBADB988C4CB7877D0A40</string>
			</array>
			<key>isa</key>
			<string>PBXFrameworksBuildPhase</string>
			<key>runOnlyForDeploymentPostprocessing</key>
			<string>0</string>
		</dict>
		<key>ADC9D5101821A2800019F0DA</key>
		<dict>
			<key>buildActionMask</key>
			<string>2147483647</string>
			<key>files</key>
			<array>
				<string>ADC9D51F1821A2800019F0DA</string>
			</array>
			<key>isa</key>
			<string>PBXResourcesBuildPhase</string>
			<key>runOnlyForDeploymentPostprocessing</key>
			<string>0</string>
		</dict>
		<key>ADC9D5111821A2800019F0DA</key>
		<dict>
			<key>buildConfigurationList</key>
			<string>ADC9D5271821A2800019F0DA</string>
			<key>buildPhases</key>
			<array>
				<string>68EAE1DF419A459D8DB479A7</string>
				<string>ADC9D50E1821A2800019F0DA</string>
				<string>ADC9D50F1821A2800019F0DA</string>
				<string>ADC9D5101821A2800019F0DA</string>
				<string>050DF05A714649988BB8AA0E</string>
			</array>
			<key>buildRules</key>
			<array/>
			<key>dependencies</key>
			<array>
				<string>ADC9D5191821A2800019F0DA</string>
			</array>
			<key>isa</key>
			<string>PBXNativeTarget</string>
			<key>name</key>
			<string>DoubleNodeDemoTests</string>
			<key>productName</key>
			<string>DoubleNodeDemoTests</string>
			<key>productReference</key>
			<string>ADC9D5121821A2800019F0DA</string>
			<key>productType</key>
			<string>com.apple.product-type.bundle.unit-test</string>
		</dict>
		<key>ADC9D5121821A2800019F0DA</key>
		<dict>
			<key>explicitFileType</key>
			<string>wrapper.cfbundle</string>
			<key>includeInIndex</key>
			<string>0</string>
			<key>isa</key>
			<string>PBXFileReference</string>
			<key>path</key>
			<string>DoubleNodeDemoTests.xctest</string>
			<key>sourceTree</key>
			<string>BUILT_PRODUCTS_DIR</string>
		</dict>
		<key>ADC9D5131821A2800019F0DA</key>
		<dict>
			<key>isa</key>
			<string>PBXFileReference</string>
			<key>lastKnownFileType</key>
			<string>wrapper.framework</string>
			<key>name</key>
			<string>XCTest.framework</string>
			<key>path</key>
			<string>Library/Frameworks/XCTest.framework</string>
			<key>sourceTree</key>
			<string>DEVELOPER_DIR</string>
		</dict>
		<key>ADC9D5141821A2800019F0DA</key>
		<dict>
			<key>fileRef</key>
			<string>ADC9D5131821A2800019F0DA</string>
			<key>isa</key>
			<string>PBXBuildFile</string>
		</dict>
		<key>ADC9D5151821A2800019F0DA</key>
		<dict>
			<key>fileRef</key>
			<string>ADC9D4F51821A2800019F0DA</string>
			<key>isa</key>
			<string>PBXBuildFile</string>
		</dict>
		<key>ADC9D5161821A2800019F0DA</key>
		<dict>
			<key>fileRef</key>
			<string>ADC9D4F91821A2800019F0DA</string>
			<key>isa</key>
			<string>PBXBuildFile</string>
		</dict>
		<key>ADC9D5171821A2800019F0DA</key>
		<dict>
			<key>fileRef</key>
			<string>ADC9D4FB1821A2800019F0DA</string>
			<key>isa</key>
			<string>PBXBuildFile</string>
		</dict>
		<key>ADC9D5181821A2800019F0DA</key>
		<dict>
			<key>containerPortal</key>
			<string>ADC9D4EA1821A2800019F0DA</string>
			<key>isa</key>
			<string>PBXContainerItemProxy</string>
			<key>proxyType</key>
			<string>1</string>
			<key>remoteGlobalIDString</key>
			<string>ADC9D4F11821A2800019F0DA</string>
			<key>remoteInfo</key>
			<string>DoubleNodeDemo</string>
		</dict>
		<key>ADC9D5191821A2800019F0DA</key>
		<dict>
			<key>isa</key>
			<string>PBXTargetDependency</string>
			<key>target</key>
			<string>ADC9D4F11821A2800019F0DA</string>
			<key>targetProxy</key>
			<string>ADC9D5181821A2800019F0DA</string>
		</dict>
		<key>ADC9D51A1821A2800019F0DA</key>
		<dict>
			<key>children</key>
			<array>
				<string>ADC9D5201821A2800019F0DA</string>
				<string>ADC9D51B1821A2800019F0DA</string>
			</array>
			<key>isa</key>
			<string>PBXGroup</string>
			<key>path</key>
			<string>DoubleNodeDemoTests</string>
			<key>sourceTree</key>
			<string>&lt;group&gt;</string>
		</dict>
		<key>ADC9D51B1821A2800019F0DA</key>
		<dict>
			<key>children</key>
			<array>
				<string>ADC9D51C1821A2800019F0DA</string>
				<string>ADC9D51D1821A2800019F0DA</string>
			</array>
			<key>isa</key>
			<string>PBXGroup</string>
			<key>name</key>
			<string>Supporting Files</string>
			<key>sourceTree</key>
			<string>&lt;group&gt;</string>
		</dict>
		<key>ADC9D51C1821A2800019F0DA</key>
		<dict>
			<key>isa</key>
			<string>PBXFileReference</string>
			<key>lastKnownFileType</key>
			<string>text.plist.xml</string>
			<key>path</key>
			<string>DoubleNodeDemoTests-Info.plist</string>
			<key>sourceTree</key>
			<string>&lt;group&gt;</string>
		</dict>
		<key>ADC9D51D1821A2800019F0DA</key>
		<dict>
			<key>children</key>
			<array>
				<string>ADC9D51E1821A2800019F0DA</string>
			</array>
			<key>isa</key>
			<string>PBXVariantGroup</string>
			<key>name</key>
			<string>InfoPlist.strings</string>
			<key>sourceTree</key>
			<string>&lt;group&gt;</string>
		</dict>
		<key>ADC9D51E1821A2800019F0DA</key>
		<dict>
			<key>isa</key>
			<string>PBXFileReference</string>
			<key>lastKnownFileType</key>
			<string>text.plist.strings</string>
			<key>name</key>
			<string>en</string>
			<key>path</key>
			<string>en.lproj/InfoPlist.strings</string>
			<key>sourceTree</key>
			<string>&lt;group&gt;</string>
		</dict>
		<key>ADC9D51F1821A2800019F0DA</key>
		<dict>
			<key>fileRef</key>
			<string>ADC9D51D1821A2800019F0DA</string>
			<key>isa</key>
			<string>PBXBuildFile</string>
		</dict>
		<key>ADC9D5201821A2800019F0DA</key>
		<dict>
			<key>isa</key>
			<string>PBXFileReference</string>
			<key>lastKnownFileType</key>
			<string>sourcecode.c.objc</string>
			<key>path</key>
			<string>DoubleNodeDemoTests.m</string>
			<key>sourceTree</key>
			<string>&lt;group&gt;</string>
		</dict>
		<key>ADC9D5211821A2800019F0DA</key>
		<dict>
			<key>fileRef</key>
			<string>ADC9D5201821A2800019F0DA</string>
			<key>isa</key>
			<string>PBXBuildFile</string>
		</dict>
		<key>ADC9D5221821A2800019F0DA</key>
		<dict>
			<key>buildSettings</key>
			<dict>
				<key>ALWAYS_SEARCH_USER_PATHS</key>
				<string>NO</string>
				<key>ARCHS</key>
				<string>$(ARCHS_STANDARD_INCLUDING_64_BIT)</string>
				<key>CLANG_CXX_LANGUAGE_STANDARD</key>
				<string>gnu++0x</string>
				<key>CLANG_CXX_LIBRARY</key>
				<string>libc++</string>
				<key>CLANG_ENABLE_MODULES</key>
				<string>YES</string>
				<key>CLANG_ENABLE_OBJC_ARC</key>
				<string>YES</string>
				<key>CLANG_WARN_BOOL_CONVERSION</key>
				<string>YES</string>
				<key>CLANG_WARN_CONSTANT_CONVERSION</key>
				<string>YES</string>
				<key>CLANG_WARN_DIRECT_OBJC_ISA_USAGE</key>
				<string>YES_ERROR</string>
				<key>CLANG_WARN_EMPTY_BODY</key>
				<string>YES</string>
				<key>CLANG_WARN_ENUM_CONVERSION</key>
				<string>YES</string>
				<key>CLANG_WARN_INT_CONVERSION</key>
				<string>YES</string>
				<key>CLANG_WARN_OBJC_ROOT_CLASS</key>
				<string>YES_ERROR</string>
				<key>CLANG_WARN__DUPLICATE_METHOD_MATCH</key>
				<string>YES</string>
				<key>CODE_SIGN_IDENTITY[sdk=iphoneos*]</key>
				<string>iPhone Developer</string>
				<key>COPY_PHASE_STRIP</key>
				<string>NO</string>
				<key>GCC_C_LANGUAGE_STANDARD</key>
				<string>gnu99</string>
				<key>GCC_DYNAMIC_NO_PIC</key>
				<string>NO</string>
				<key>GCC_OPTIMIZATION_LEVEL</key>
				<string>0</string>
				<key>GCC_PREPROCESSOR_DEFINITIONS</key>
				<array>
					<string>DEBUG=1</string>
					<string>$(inherited)</string>
				</array>
				<key>GCC_SYMBOLS_PRIVATE_EXTERN</key>
				<string>NO</string>
				<key>GCC_WARN_64_TO_32_BIT_CONVERSION</key>
				<string>YES</string>
				<key>GCC_WARN_ABOUT_RETURN_TYPE</key>
				<string>YES_ERROR</string>
				<key>GCC_WARN_UNDECLARED_SELECTOR</key>
				<string>YES</string>
				<key>GCC_WARN_UNINITIALIZED_AUTOS</key>
				<string>YES</string>
				<key>GCC_WARN_UNUSED_FUNCTION</key>
				<string>YES</string>
				<key>GCC_WARN_UNUSED_VARIABLE</key>
				<string>YES</string>
				<key>IPHONEOS_DEPLOYMENT_TARGET</key>
				<string>7.0</string>
				<key>ONLY_ACTIVE_ARCH</key>
				<string>YES</string>
				<key>SDKROOT</key>
				<string>iphoneos</string>
				<key>TARGETED_DEVICE_FAMILY</key>
				<string>1,2</string>
			</dict>
			<key>isa</key>
			<string>XCBuildConfiguration</string>
			<key>name</key>
			<string>Debug</string>
		</dict>
		<key>ADC9D5231821A2800019F0DA</key>
		<dict>
			<key>buildSettings</key>
			<dict>
				<key>ALWAYS_SEARCH_USER_PATHS</key>
				<string>NO</string>
				<key>ARCHS</key>
				<string>$(ARCHS_STANDARD_INCLUDING_64_BIT)</string>
				<key>CLANG_CXX_LANGUAGE_STANDARD</key>
				<string>gnu++0x</string>
				<key>CLANG_CXX_LIBRARY</key>
				<string>libc++</string>
				<key>CLANG_ENABLE_MODULES</key>
				<string>YES</string>
				<key>CLANG_ENABLE_OBJC_ARC</key>
				<string>YES</string>
				<key>CLANG_WARN_BOOL_CONVERSION</key>
				<string>YES</string>
				<key>CLANG_WARN_CONSTANT_CONVERSION</key>
				<string>YES</string>
				<key>CLANG_WARN_DIRECT_OBJC_ISA_USAGE</key>
				<string>YES_ERROR</string>
				<key>CLANG_WARN_EMPTY_BODY</key>
				<string>YES</string>
				<key>CLANG_WARN_ENUM_CONVERSION</key>
				<string>YES</string>
				<key>CLANG_WARN_INT_CONVERSION</key>
				<string>YES</string>
				<key>CLANG_WARN_OBJC_ROOT_CLASS</key>
				<string>YES_ERROR</string>
				<key>CLANG_WARN__DUPLICATE_METHOD_MATCH</key>
				<string>YES</string>
				<key>CODE_SIGN_IDENTITY[sdk=iphoneos*]</key>
				<string>iPhone Developer</string>
				<key>COPY_PHASE_STRIP</key>
				<string>YES</string>
				<key>ENABLE_NS_ASSERTIONS</key>
				<string>NO</string>
				<key>GCC_C_LANGUAGE_STANDARD</key>
				<string>gnu99</string>
				<key>GCC_WARN_64_TO_32_BIT_CONVERSION</key>
				<string>YES</string>
				<key>GCC_WARN_ABOUT_RETURN_TYPE</key>
				<string>YES_ERROR</string>
				<key>GCC_WARN_UNDECLARED_SELECTOR</key>
				<string>YES</string>
				<key>GCC_WARN_UNINITIALIZED_AUTOS</key>
				<string>YES</string>
				<key>GCC_WARN_UNUSED_FUNCTION</key>
				<string>YES</string>
				<key>GCC_WARN_UNUSED_VARIABLE</key>
				<string>YES</string>
				<key>IPHONEOS_DEPLOYMENT_TARGET</key>
				<string>7.0</string>
				<key>SDKROOT</key>
				<string>iphoneos</string>
				<key>TARGETED_DEVICE_FAMILY</key>
				<string>1,2</string>
				<key>VALIDATE_PRODUCT</key>
				<string>YES</string>
			</dict>
			<key>isa</key>
			<string>XCBuildConfiguration</string>
			<key>name</key>
			<string>Release</string>
		</dict>
		<key>ADC9D5241821A2800019F0DA</key>
		<dict>
			<key>buildConfigurations</key>
			<array>
				<string>ADC9D5251821A2800019F0DA</string>
				<string>ADC9D5261821A2800019F0DA</string>
			</array>
			<key>defaultConfigurationIsVisible</key>
			<string>0</string>
			<key>defaultConfigurationName</key>
			<string>Release</string>
			<key>isa</key>
			<string>XCConfigurationList</string>
		</dict>
		<key>ADC9D5251821A2800019F0DA</key>
		<dict>
			<key>baseConfigurationReference</key>
			<string>B6C6448C7A2B04375690DD40</string>
			<key>buildSettings</key>
			<dict>
				<key>ASSETCATALOG_COMPILER_APPICON_NAME</key>
				<string>AppIcon</string>
				<key>ASSETCATALOG_COMPILER_LAUNCHIMAGE_NAME</key>
				<string>LaunchImage</string>
				<key>GCC_PRECOMPILE_PREFIX_HEADER</key>
				<string>YES</string>
				<key>GCC_PREFIX_HEADER</key>
				<string>DoubleNodeDemo/DoubleNodeDemo-Prefix.pch</string>
				<key>INFOPLIST_FILE</key>
				<string>DoubleNodeDemo/DoubleNodeDemo-Info.plist</string>
				<key>PRODUCT_NAME</key>
				<string>$(TARGET_NAME)</string>
				<key>WRAPPER_EXTENSION</key>
				<string>app</string>
			</dict>
			<key>isa</key>
			<string>XCBuildConfiguration</string>
			<key>name</key>
			<string>Debug</string>
		</dict>
		<key>ADC9D5261821A2800019F0DA</key>
		<dict>
			<key>baseConfigurationReference</key>
			<string>E2EE66451167886869BF58F8</string>
			<key>buildSettings</key>
			<dict>
				<key>ASSETCATALOG_COMPILER_APPICON_NAME</key>
				<string>AppIcon</string>
				<key>ASSETCATALOG_COMPILER_LAUNCHIMAGE_NAME</key>
				<string>LaunchImage</string>
				<key>GCC_PRECOMPILE_PREFIX_HEADER</key>
				<string>YES</string>
				<key>GCC_PREFIX_HEADER</key>
				<string>DoubleNodeDemo/DoubleNodeDemo-Prefix.pch</string>
				<key>INFOPLIST_FILE</key>
				<string>DoubleNodeDemo/DoubleNodeDemo-Info.plist</string>
				<key>PRODUCT_NAME</key>
				<string>$(TARGET_NAME)</string>
				<key>WRAPPER_EXTENSION</key>
				<string>app</string>
			</dict>
			<key>isa</key>
			<string>XCBuildConfiguration</string>
			<key>name</key>
			<string>Release</string>
		</dict>
		<key>ADC9D5271821A2800019F0DA</key>
		<dict>
			<key>buildConfigurations</key>
			<array>
				<string>ADC9D5281821A2800019F0DA</string>
				<string>ADC9D5291821A2800019F0DA</string>
			</array>
			<key>defaultConfigurationIsVisible</key>
			<string>0</string>
			<key>defaultConfigurationName</key>
			<string>Release</string>
			<key>isa</key>
			<string>XCConfigurationList</string>
		</dict>
		<key>ADC9D5281821A2800019F0DA</key>
		<dict>
			<key>baseConfigurationReference</key>
			<string>51D042E49A9502DA47C279A6</string>
			<key>buildSettings</key>
			<dict>
				<key>ARCHS</key>
				<string>$(ARCHS_STANDARD_INCLUDING_64_BIT)</string>
				<key>BUNDLE_LOADER</key>
				<string>$(BUILT_PRODUCTS_DIR)/DoubleNodeDemo.app/DoubleNodeDemo</string>
				<key>FRAMEWORK_SEARCH_PATHS</key>
				<array>
					<string>$(SDKROOT)/Developer/Library/Frameworks</string>
					<string>$(inherited)</string>
					<string>$(DEVELOPER_FRAMEWORKS_DIR)</string>
				</array>
				<key>GCC_PRECOMPILE_PREFIX_HEADER</key>
				<string>YES</string>
				<key>GCC_PREFIX_HEADER</key>
				<string>DoubleNodeDemo/DoubleNodeDemo-Prefix.pch</string>
				<key>GCC_PREPROCESSOR_DEFINITIONS</key>
				<array>
					<string>DEBUG=1</string>
					<string>$(inherited)</string>
				</array>
				<key>INFOPLIST_FILE</key>
				<string>DoubleNodeDemoTests/DoubleNodeDemoTests-Info.plist</string>
				<key>PRODUCT_NAME</key>
				<string>$(TARGET_NAME)</string>
				<key>TEST_HOST</key>
				<string>$(BUNDLE_LOADER)</string>
				<key>WRAPPER_EXTENSION</key>
				<string>xctest</string>
			</dict>
			<key>isa</key>
			<string>XCBuildConfiguration</string>
			<key>name</key>
			<string>Debug</string>
		</dict>
		<key>ADC9D5291821A2800019F0DA</key>
		<dict>
			<key>baseConfigurationReference</key>
			<string>6EF125394017A1C4D2DE0EA6</string>
			<key>buildSettings</key>
			<dict>
				<key>ARCHS</key>
				<string>$(ARCHS_STANDARD_INCLUDING_64_BIT)</string>
				<key>BUNDLE_LOADER</key>
				<string>$(BUILT_PRODUCTS_DIR)/DoubleNodeDemo.app/DoubleNodeDemo</string>
				<key>FRAMEWORK_SEARCH_PATHS</key>
				<array>
					<string>$(SDKROOT)/Developer/Library/Frameworks</string>
					<string>$(inherited)</string>
					<string>$(DEVELOPER_FRAMEWORKS_DIR)</string>
				</array>
				<key>GCC_PRECOMPILE_PREFIX_HEADER</key>
				<string>YES</string>
				<key>GCC_PREFIX_HEADER</key>
				<string>DoubleNodeDemo/DoubleNodeDemo-Prefix.pch</string>
				<key>INFOPLIST_FILE</key>
				<string>DoubleNodeDemoTests/DoubleNodeDemoTests-Info.plist</string>
				<key>PRODUCT_NAME</key>
				<string>$(TARGET_NAME)</string>
				<key>TEST_HOST</key>
				<string>$(BUNDLE_LOADER)</string>
				<key>WRAPPER_EXTENSION</key>
				<string>xctest</string>
			</dict>
			<key>isa</key>
			<string>XCBuildConfiguration</string>
			<key>name</key>
			<string>Release</string>
		</dict>
		<key>ADC9D5791821A8F80019F0DA</key>
		<dict>
			<key>buildConfigurationList</key>
			<string>ADC9D57A1821A8F80019F0DA</string>
			<key>buildPhases</key>
			<array>
				<string>ADC9D57D1821A9090019F0DA</string>
			</array>
			<key>dependencies</key>
			<array/>
			<key>isa</key>
			<string>PBXAggregateTarget</string>
			<key>name</key>
			<string>DoubleNodeDocs</string>
			<key>productName</key>
			<string>DoubleNodeDocs</string>
		</dict>
		<key>ADC9D57A1821A8F80019F0DA</key>
		<dict>
			<key>buildConfigurations</key>
			<array>
				<string>ADC9D57B1821A8F80019F0DA</string>
				<string>ADC9D57C1821A8F80019F0DA</string>
			</array>
			<key>defaultConfigurationIsVisible</key>
			<string>0</string>
			<key>defaultConfigurationName</key>
			<string>Release</string>
			<key>isa</key>
			<string>XCConfigurationList</string>
		</dict>
		<key>ADC9D57B1821A8F80019F0DA</key>
		<dict>
			<key>buildSettings</key>
			<dict>
				<key>PRODUCT_NAME</key>
				<string>$(TARGET_NAME)</string>
			</dict>
			<key>isa</key>
			<string>XCBuildConfiguration</string>
			<key>name</key>
			<string>Debug</string>
		</dict>
		<key>ADC9D57C1821A8F80019F0DA</key>
		<dict>
			<key>buildSettings</key>
			<dict>
				<key>PRODUCT_NAME</key>
				<string>$(TARGET_NAME)</string>
			</dict>
			<key>isa</key>
			<string>XCBuildConfiguration</string>
			<key>name</key>
			<string>Release</string>
		</dict>
		<key>ADC9D57D1821A9090019F0DA</key>
		<dict>
			<key>buildActionMask</key>
			<string>2147483647</string>
			<key>files</key>
			<array/>
			<key>inputPaths</key>
			<array/>
			<key>isa</key>
			<string>PBXShellScriptBuildPhase</string>
			<key>outputPaths</key>
			<array/>
			<key>runOnlyForDeploymentPostprocessing</key>
			<string>0</string>
			<key>shellPath</key>
			<string>/bin/sh</string>
			<key>shellScript</key>
			<string># Start constants
company="DoubleNode, LLC";
companyID="com.DoubleNode";
companyURL="http://DoubleNode.com";
readme="README.md";
target="iphoneos";
#target="macosx";
inputPath=${PROJECT_DIR}
outputPath="Docs";
# End constants

/usr/bin/appledoc \
--project-name ${PRODUCT_NAME} \
--project-company "${company}" \
--company-id "${companyID}" \
--docset-atom-filename "${company}.atom" \
--docset-feed-url "${companyURL}/${company}/%DOCSETATOMFILENAME" \
--docset-package-url "${companyURL}/${company}/%DOCSETPACKAGEFILENAME" \
--docset-fallback-url "${companyURL}/${company}" \
--output "${outputPath}" \
--docset-platform-family "${target}" \
--publish-docset \
--install-docset \
--logformat xcode \
--keep-intermediate-files \
--no-repeat-first-par \
--no-warn-invalid-crossref \
--exit-threshold 2 \
--keep-undocumented-objects \
--keep-undocumented-members \
--no-warn-undocumented-object \
--no-warn-undocumented-member \
--no-warn-empty-description \
--index-desc "${readme}" \
--print-settings \
--ignore "*.m" \
--exclude "${PROJECT_DIR}/Docs" \
--exclude "${PROJECT_DIR}/DoubleNodeDemo" \
--exclude "${PROJECT_DIR}/DoubleNodeDemoTests" \
--exclude "${PROJECT_DIR}/Pods" \
--exclude "${PROJECT_DIR}/Vendor" \
${inputPath}
</string>
		</dict>
		<key>ADC9D57E1821A93F0019F0DA</key>
		<dict>
			<key>fileRef</key>
			<string>ADC9D5071821A2800019F0DA</string>
			<key>isa</key>
			<string>PBXBuildFile</string>
		</dict>
		<key>ADC9D57F1821EA530019F0DA</key>
		<dict>
			<key>fileEncoding</key>
			<string>4</string>
			<key>isa</key>
			<string>PBXFileReference</string>
			<key>lastKnownFileType</key>
			<string>text</string>
			<key>path</key>
			<string>README.md</string>
			<key>sourceTree</key>
			<string>&lt;group&gt;</string>
		</dict>
		<key>ADC9D5801821EA530019F0DA</key>
		<dict>
			<key>fileRef</key>
			<string>ADC9D57F1821EA530019F0DA</string>
			<key>isa</key>
			<string>PBXBuildFile</string>
		</dict>
		<key>ADC9D5811821EA5E0019F0DA</key>
		<dict>
			<key>children</key>
			<array>
				<string>ADC9D5821821EA5E0019F0DA</string>
				<string>ADC9D5831821EA5E0019F0DA</string>
				<string>ADC9D5841821EA5E0019F0DA</string>
				<string>ADC9D5851821EA5E0019F0DA</string>
				<string>ADC9D5861821EA5E0019F0DA</string>
				<string>ADC9D5871821EA5E0019F0DA</string>
				<string>ADC9D5881821EA5E0019F0DA</string>
				<string>ADC9D5891821EA5E0019F0DA</string>
				<string>ADC9D58A1821EA5E0019F0DA</string>
				<string>ADC9D58B1821EA5E0019F0DA</string>
				<string>ADC9D58C1821EA5E0019F0DA</string>
				<string>ADC9D58D1821EA5E0019F0DA</string>
			</array>
			<key>isa</key>
			<string>PBXGroup</string>
			<key>path</key>
			<string>Categories</string>
			<key>sourceTree</key>
			<string>&lt;group&gt;</string>
		</dict>
		<key>ADC9D5821821EA5E0019F0DA</key>
		<dict>
			<key>fileEncoding</key>
			<string>4</string>
			<key>isa</key>
			<string>PBXFileReference</string>
			<key>lastKnownFileType</key>
			<string>sourcecode.c.h</string>
			<key>path</key>
			<string>NSDate+PrettyDate.h</string>
			<key>sourceTree</key>
			<string>&lt;group&gt;</string>
		</dict>
		<key>ADC9D5831821EA5E0019F0DA</key>
		<dict>
			<key>fileEncoding</key>
			<string>4</string>
			<key>isa</key>
			<string>PBXFileReference</string>
			<key>lastKnownFileType</key>
			<string>sourcecode.c.objc</string>
			<key>path</key>
			<string>NSDate+PrettyDate.m</string>
			<key>sourceTree</key>
			<string>&lt;group&gt;</string>
		</dict>
		<key>ADC9D5841821EA5E0019F0DA</key>
		<dict>
			<key>fileEncoding</key>
			<string>4</string>
			<key>isa</key>
			<string>PBXFileReference</string>
			<key>lastKnownFileType</key>
			<string>sourcecode.c.h</string>
			<key>path</key>
			<string>NSString+HTML.h</string>
			<key>sourceTree</key>
			<string>&lt;group&gt;</string>
		</dict>
		<key>ADC9D5851821EA5E0019F0DA</key>
		<dict>
			<key>fileEncoding</key>
			<string>4</string>
			<key>isa</key>
			<string>PBXFileReference</string>
			<key>lastKnownFileType</key>
			<string>sourcecode.c.objc</string>
			<key>path</key>
			<string>NSString+HTML.m</string>
			<key>sourceTree</key>
			<string>&lt;group&gt;</string>
		</dict>
		<key>ADC9D5861821EA5E0019F0DA</key>
		<dict>
			<key>fileEncoding</key>
			<string>4</string>
			<key>isa</key>
			<string>PBXFileReference</string>
			<key>lastKnownFileType</key>
			<string>sourcecode.c.h</string>
			<key>path</key>
			<string>NSTimer+Blocks.h</string>
			<key>sourceTree</key>
			<string>&lt;group&gt;</string>
		</dict>
		<key>ADC9D5871821EA5E0019F0DA</key>
		<dict>
			<key>fileEncoding</key>
			<string>4</string>
			<key>isa</key>
			<string>PBXFileReference</string>
			<key>lastKnownFileType</key>
			<string>sourcecode.c.objc</string>
			<key>path</key>
			<string>NSTimer+Blocks.m</string>
			<key>sourceTree</key>
			<string>&lt;group&gt;</string>
		</dict>
		<key>ADC9D5881821EA5E0019F0DA</key>
		<dict>
			<key>fileEncoding</key>
			<string>4</string>
			<key>isa</key>
			<string>PBXFileReference</string>
			<key>lastKnownFileType</key>
			<string>sourcecode.c.h</string>
			<key>path</key>
			<string>UIFont+Custom.h</string>
			<key>sourceTree</key>
			<string>&lt;group&gt;</string>
		</dict>
		<key>ADC9D5891821EA5E0019F0DA</key>
		<dict>
			<key>fileEncoding</key>
			<string>4</string>
			<key>isa</key>
			<string>PBXFileReference</string>
			<key>lastKnownFileType</key>
			<string>sourcecode.c.objc</string>
			<key>path</key>
			<string>UIFont+Custom.m</string>
			<key>sourceTree</key>
			<string>&lt;group&gt;</string>
		</dict>
		<key>ADC9D58A1821EA5E0019F0DA</key>
		<dict>
			<key>fileEncoding</key>
			<string>4</string>
			<key>isa</key>
			<string>PBXFileReference</string>
			<key>lastKnownFileType</key>
			<string>sourcecode.c.h</string>
			<key>path</key>
			<string>UILabel+TextKerning.h</string>
			<key>sourceTree</key>
			<string>&lt;group&gt;</string>
		</dict>
		<key>ADC9D58B1821EA5E0019F0DA</key>
		<dict>
			<key>fileEncoding</key>
			<string>4</string>
			<key>isa</key>
			<string>PBXFileReference</string>
			<key>lastKnownFileType</key>
			<string>sourcecode.c.objc</string>
			<key>path</key>
			<string>UILabel+TextKerning.m</string>
			<key>sourceTree</key>
			<string>&lt;group&gt;</string>
		</dict>
		<key>ADC9D58C1821EA5E0019F0DA</key>
		<dict>
			<key>fileEncoding</key>
			<string>4</string>
			<key>isa</key>
			<string>PBXFileReference</string>
			<key>lastKnownFileType</key>
			<string>sourcecode.c.h</string>
			<key>path</key>
			<string>UIScrollView+ScrollDirection.h</string>
			<key>sourceTree</key>
			<string>&lt;group&gt;</string>
		</dict>
		<key>ADC9D58D1821EA5E0019F0DA</key>
		<dict>
			<key>fileEncoding</key>
			<string>4</string>
			<key>isa</key>
			<string>PBXFileReference</string>
			<key>lastKnownFileType</key>
			<string>sourcecode.c.objc</string>
			<key>path</key>
			<string>UIScrollView+ScrollDirection.m</string>
			<key>sourceTree</key>
			<string>&lt;group&gt;</string>
		</dict>
		<key>ADC9D58E1821EA5E0019F0DA</key>
		<dict>
			<key>children</key>
			<array>
				<string>AD1534BF1831407A00838A08</string>
				<string>AD1534C01831407A00838A08</string>
				<string>AD1534C11831407A00838A08</string>
				<string>AD1534C21831407A00838A08</string>
				<string>AD1534C31831407A00838A08</string>
				<string>AD1534C41831407A00838A08</string>
				<string>ADC9D58F1821EA5E0019F0DA</string>
				<string>ADC9D5901821EA5E0019F0DA</string>
				<string>ADC9D5911821EA5E0019F0DA</string>
				<string>ADC9D5921821EA5E0019F0DA</string>
				<string>ADC9D5931821EA5E0019F0DA</string>
				<string>ADC9D5941821EA5E0019F0DA</string>
				<string>ADC9D5951821EA5E0019F0DA</string>
				<string>ADC9D5961821EA5E0019F0DA</string>
				<string>ADC9D5971821EA5E0019F0DA</string>
				<string>ADC9D5981821EA5E0019F0DA</string>
				<string>ADC9D5991821EA5E0019F0DA</string>
				<string>ADC9D59A1821EA5E0019F0DA</string>
				<string>ADC9D59B1821EA5E0019F0DA</string>
				<string>ADC9D59C1821EA5E0019F0DA</string>
				<string>ADC9D59D1821EA5E0019F0DA</string>
				<string>ADC9D59E1821EA5E0019F0DA</string>
				<string>ADC9D59F1821EA5E0019F0DA</string>
				<string>ADC9D5A01821EA5E0019F0DA</string>
				<string>ADC9D5A11821EA5E0019F0DA</string>
				<string>ADC9D5A21821EA5E0019F0DA</string>
				<string>ADC9D5A31821EA5E0019F0DA</string>
				<string>ADC9D5A41821EA5E0019F0DA</string>
				<string>ADC9D5A51821EA5E0019F0DA</string>
				<string>ADC9D5A61821EA5E0019F0DA</string>
				<string>ADC9D5A71821EA5E0019F0DA</string>
				<string>ADC9D5A81821EA5E0019F0DA</string>
				<string>ADC9D5A91821EA5E0019F0DA</string>
				<string>ADC9D5AA1821EA5E0019F0DA</string>
				<string>ADC9D5AB1821EA5E0019F0DA</string>
			</array>
			<key>isa</key>
			<string>PBXGroup</string>
			<key>path</key>
			<string>Classes</string>
			<key>sourceTree</key>
			<string>&lt;group&gt;</string>
		</dict>
		<key>ADC9D58F1821EA5E0019F0DA</key>
		<dict>
			<key>fileEncoding</key>
			<string>4</string>
			<key>isa</key>
			<string>PBXFileReference</string>
			<key>lastKnownFileType</key>
			<string>sourcecode.c.h</string>
			<key>path</key>
			<string>DNAppConstants.h</string>
			<key>sourceTree</key>
			<string>&lt;group&gt;</string>
		</dict>
		<key>ADC9D5901821EA5E0019F0DA</key>
		<dict>
			<key>fileEncoding</key>
			<string>4</string>
			<key>isa</key>
			<string>PBXFileReference</string>
			<key>lastKnownFileType</key>
			<string>sourcecode.c.objc</string>
			<key>path</key>
			<string>DNAppConstants.m</string>
			<key>sourceTree</key>
			<string>&lt;group&gt;</string>
		</dict>
		<key>ADC9D5911821EA5E0019F0DA</key>
		<dict>
			<key>fileEncoding</key>
			<string>4</string>
			<key>isa</key>
			<string>PBXFileReference</string>
			<key>lastKnownFileType</key>
			<string>sourcecode.c.h</string>
			<key>path</key>
			<string>DNApplicationProtocol.h</string>
			<key>sourceTree</key>
			<string>&lt;group&gt;</string>
		</dict>
		<key>ADC9D5921821EA5E0019F0DA</key>
		<dict>
			<key>fileEncoding</key>
			<string>4</string>
			<key>isa</key>
			<string>PBXFileReference</string>
			<key>lastKnownFileType</key>
			<string>sourcecode.c.h</string>
			<key>path</key>
			<string>DNTheme.h</string>
			<key>sourceTree</key>
			<string>&lt;group&gt;</string>
		</dict>
		<key>ADC9D5931821EA5E0019F0DA</key>
		<dict>
			<key>fileEncoding</key>
			<string>4</string>
			<key>isa</key>
			<string>PBXFileReference</string>
			<key>lastKnownFileType</key>
			<string>sourcecode.c.objc</string>
			<key>path</key>
			<string>DNTheme.m</string>
			<key>sourceTree</key>
			<string>&lt;group&gt;</string>
		</dict>
		<key>ADC9D5941821EA5E0019F0DA</key>
		<dict>
			<key>fileEncoding</key>
			<string>4</string>
			<key>isa</key>
			<string>PBXFileReference</string>
			<key>lastKnownFileType</key>
			<string>sourcecode.c.h</string>
			<key>path</key>
			<string>DNManagedObject.h</string>
			<key>sourceTree</key>
			<string>&lt;group&gt;</string>
		</dict>
		<key>ADC9D5951821EA5E0019F0DA</key>
		<dict>
			<key>fileEncoding</key>
			<string>4</string>
			<key>isa</key>
			<string>PBXFileReference</string>
			<key>lastKnownFileType</key>
			<string>sourcecode.c.objc</string>
			<key>path</key>
			<string>DNManagedObject.m</string>
			<key>sourceTree</key>
			<string>&lt;group&gt;</string>
		</dict>
		<key>ADC9D5961821EA5E0019F0DA</key>
		<dict>
			<key>fileEncoding</key>
			<string>4</string>
			<key>isa</key>
			<string>PBXFileReference</string>
			<key>lastKnownFileType</key>
			<string>sourcecode.c.h</string>
			<key>path</key>
			<string>DNModel.h</string>
			<key>sourceTree</key>
			<string>&lt;group&gt;</string>
		</dict>
		<key>ADC9D5971821EA5E0019F0DA</key>
		<dict>
			<key>fileEncoding</key>
			<string>4</string>
			<key>isa</key>
			<string>PBXFileReference</string>
			<key>lastKnownFileType</key>
			<string>sourcecode.c.objc</string>
			<key>path</key>
			<string>DNModel.m</string>
			<key>sourceTree</key>
			<string>&lt;group&gt;</string>
		</dict>
		<key>ADC9D5981821EA5E0019F0DA</key>
		<dict>
			<key>fileEncoding</key>
			<string>4</string>
			<key>isa</key>
			<string>PBXFileReference</string>
			<key>lastKnownFileType</key>
			<string>sourcecode.c.h</string>
			<key>path</key>
			<string>DNModelWatch.h</string>
			<key>sourceTree</key>
			<string>&lt;group&gt;</string>
		</dict>
		<key>ADC9D5991821EA5E0019F0DA</key>
		<dict>
			<key>fileEncoding</key>
			<string>4</string>
			<key>isa</key>
			<string>PBXFileReference</string>
			<key>lastKnownFileType</key>
			<string>sourcecode.c.objc</string>
			<key>path</key>
			<string>DNModelWatch.m</string>
			<key>sourceTree</key>
			<string>&lt;group&gt;</string>
		</dict>
		<key>ADC9D59A1821EA5E0019F0DA</key>
		<dict>
			<key>fileEncoding</key>
			<string>4</string>
			<key>isa</key>
			<string>PBXFileReference</string>
			<key>lastKnownFileType</key>
			<string>sourcecode.c.h</string>
			<key>path</key>
			<string>DNModelWatchFetchedObject.h</string>
			<key>sourceTree</key>
			<string>&lt;group&gt;</string>
		</dict>
		<key>ADC9D59B1821EA5E0019F0DA</key>
		<dict>
			<key>fileEncoding</key>
			<string>4</string>
			<key>isa</key>
			<string>PBXFileReference</string>
			<key>lastKnownFileType</key>
			<string>sourcecode.c.objc</string>
			<key>path</key>
			<string>DNModelWatchFetchedObject.m</string>
			<key>sourceTree</key>
			<string>&lt;group&gt;</string>
		</dict>
		<key>ADC9D59C1821EA5E0019F0DA</key>
		<dict>
			<key>fileEncoding</key>
			<string>4</string>
			<key>isa</key>
			<string>PBXFileReference</string>
			<key>lastKnownFileType</key>
			<string>sourcecode.c.h</string>
			<key>path</key>
			<string>DNModelWatchFetchedObjects.h</string>
			<key>sourceTree</key>
			<string>&lt;group&gt;</string>
		</dict>
		<key>ADC9D59D1821EA5E0019F0DA</key>
		<dict>
			<key>fileEncoding</key>
			<string>4</string>
			<key>isa</key>
			<string>PBXFileReference</string>
			<key>lastKnownFileType</key>
			<string>sourcecode.c.objc</string>
			<key>path</key>
			<string>DNModelWatchFetchedObjects.m</string>
			<key>sourceTree</key>
			<string>&lt;group&gt;</string>
		</dict>
		<key>ADC9D59E1821EA5E0019F0DA</key>
		<dict>
			<key>fileEncoding</key>
			<string>4</string>
			<key>isa</key>
			<string>PBXFileReference</string>
			<key>lastKnownFileType</key>
			<string>sourcecode.c.h</string>
			<key>path</key>
			<string>DNModelWatchKVOObject.h</string>
			<key>sourceTree</key>
			<string>&lt;group&gt;</string>
		</dict>
		<key>ADC9D59F1821EA5E0019F0DA</key>
		<dict>
			<key>fileEncoding</key>
			<string>4</string>
			<key>isa</key>
			<string>PBXFileReference</string>
			<key>lastKnownFileType</key>
			<string>sourcecode.c.objc</string>
			<key>path</key>
			<string>DNModelWatchKVOObject.m</string>
			<key>sourceTree</key>
			<string>&lt;group&gt;</string>
		</dict>
		<key>ADC9D5A01821EA5E0019F0DA</key>
		<dict>
			<key>fileEncoding</key>
			<string>4</string>
			<key>isa</key>
			<string>PBXFileReference</string>
			<key>lastKnownFileType</key>
			<string>sourcecode.c.h</string>
			<key>path</key>
			<string>DNModelWatchKVOObjects.h</string>
			<key>sourceTree</key>
			<string>&lt;group&gt;</string>
		</dict>
		<key>ADC9D5A11821EA5E0019F0DA</key>
		<dict>
			<key>fileEncoding</key>
			<string>4</string>
			<key>isa</key>
			<string>PBXFileReference</string>
			<key>lastKnownFileType</key>
			<string>sourcecode.c.objc</string>
			<key>path</key>
			<string>DNModelWatchKVOObjects.m</string>
			<key>sourceTree</key>
			<string>&lt;group&gt;</string>
		</dict>
		<key>ADC9D5A21821EA5E0019F0DA</key>
		<dict>
			<key>fileEncoding</key>
			<string>4</string>
			<key>isa</key>
			<string>PBXFileReference</string>
			<key>lastKnownFileType</key>
			<string>sourcecode.c.h</string>
			<key>path</key>
			<string>DNModelWatchObject.h</string>
			<key>sourceTree</key>
			<string>&lt;group&gt;</string>
		</dict>
		<key>ADC9D5A31821EA5E0019F0DA</key>
		<dict>
			<key>fileEncoding</key>
			<string>4</string>
			<key>isa</key>
			<string>PBXFileReference</string>
			<key>lastKnownFileType</key>
			<string>sourcecode.c.objc</string>
			<key>path</key>
			<string>DNModelWatchObject.m</string>
			<key>sourceTree</key>
			<string>&lt;group&gt;</string>
		</dict>
		<key>ADC9D5A41821EA5E0019F0DA</key>
		<dict>
			<key>fileEncoding</key>
			<string>4</string>
			<key>isa</key>
			<string>PBXFileReference</string>
			<key>lastKnownFileType</key>
			<string>sourcecode.c.h</string>
			<key>path</key>
			<string>DNModelWatchObjects.h</string>
			<key>sourceTree</key>
			<string>&lt;group&gt;</string>
		</dict>
		<key>ADC9D5A51821EA5E0019F0DA</key>
		<dict>
			<key>fileEncoding</key>
			<string>4</string>
			<key>isa</key>
			<string>PBXFileReference</string>
			<key>lastKnownFileType</key>
			<string>sourcecode.c.objc</string>
			<key>path</key>
			<string>DNModelWatchObjects.m</string>
			<key>sourceTree</key>
			<string>&lt;group&gt;</string>
		</dict>
		<key>ADC9D5A61821EA5E0019F0DA</key>
		<dict>
			<key>fileEncoding</key>
			<string>4</string>
			<key>isa</key>
			<string>PBXFileReference</string>
			<key>lastKnownFileType</key>
			<string>sourcecode.c.h</string>
			<key>path</key>
			<string>DNNavigationController.h</string>
			<key>sourceTree</key>
			<string>&lt;group&gt;</string>
		</dict>
		<key>ADC9D5A71821EA5E0019F0DA</key>
		<dict>
			<key>fileEncoding</key>
			<string>4</string>
			<key>isa</key>
			<string>PBXFileReference</string>
			<key>lastKnownFileType</key>
			<string>sourcecode.c.objc</string>
			<key>path</key>
			<string>DNNavigationController.m</string>
			<key>sourceTree</key>
			<string>&lt;group&gt;</string>
		</dict>
		<key>ADC9D5A81821EA5E0019F0DA</key>
		<dict>
			<key>fileEncoding</key>
			<string>4</string>
			<key>isa</key>
			<string>PBXFileReference</string>
			<key>lastKnownFileType</key>
			<string>sourcecode.c.h</string>
			<key>path</key>
			<string>DNThemeManager.h</string>
			<key>sourceTree</key>
			<string>&lt;group&gt;</string>
		</dict>
		<key>ADC9D5A91821EA5E0019F0DA</key>
		<dict>
			<key>fileEncoding</key>
			<string>4</string>
			<key>isa</key>
			<string>PBXFileReference</string>
			<key>lastKnownFileType</key>
			<string>sourcecode.c.objc</string>
			<key>path</key>
			<string>DNThemeManager.m</string>
			<key>sourceTree</key>
			<string>&lt;group&gt;</string>
		</dict>
		<key>ADC9D5AA1821EA5E0019F0DA</key>
		<dict>
			<key>fileEncoding</key>
			<string>4</string>
			<key>isa</key>
			<string>PBXFileReference</string>
			<key>lastKnownFileType</key>
			<string>sourcecode.c.h</string>
			<key>path</key>
			<string>DNUtilities.h</string>
			<key>sourceTree</key>
			<string>&lt;group&gt;</string>
		</dict>
		<key>ADC9D5AB1821EA5E0019F0DA</key>
		<dict>
			<key>fileEncoding</key>
			<string>4</string>
			<key>isa</key>
			<string>PBXFileReference</string>
			<key>lastKnownFileType</key>
			<string>sourcecode.c.objc</string>
			<key>path</key>
			<string>DNUtilities.m</string>
			<key>sourceTree</key>
			<string>&lt;group&gt;</string>
		</dict>
		<key>ADC9D5AC1821EA5E0019F0DA</key>
		<dict>
			<key>children</key>
			<array>
				<string>ADC9D5AD1821EA5E0019F0DA</string>
			</array>
			<key>isa</key>
			<string>PBXGroup</string>
			<key>path</key>
			<string>Vendor</string>
			<key>sourceTree</key>
			<string>&lt;group&gt;</string>
		</dict>
		<key>ADC9D5AD1821EA5E0019F0DA</key>
		<dict>
			<key>children</key>
			<array>
				<string>ADC9D5AE1821EA5E0019F0DA</string>
				<string>ADC9D5AF1821EA5E0019F0DA</string>
				<string>ADC9D5B01821EA5E0019F0DA</string>
				<string>ADC9D5B11821EA5E0019F0DA</string>
			</array>
			<key>isa</key>
			<string>PBXGroup</string>
			<key>path</key>
			<string>Theme</string>
			<key>sourceTree</key>
			<string>&lt;group&gt;</string>
		</dict>
		<key>ADC9D5AE1821EA5E0019F0DA</key>
		<dict>
			<key>fileEncoding</key>
			<string>4</string>
			<key>isa</key>
			<string>PBXFileReference</string>
			<key>lastKnownFileType</key>
			<string>sourcecode.c.h</string>
			<key>path</key>
			<string>ADVDefaultTheme.h</string>
			<key>sourceTree</key>
			<string>&lt;group&gt;</string>
		</dict>
		<key>ADC9D5AF1821EA5E0019F0DA</key>
		<dict>
			<key>fileEncoding</key>
			<string>4</string>
			<key>isa</key>
			<string>PBXFileReference</string>
			<key>lastKnownFileType</key>
			<string>sourcecode.c.objc</string>
			<key>path</key>
			<string>ADVDefaultTheme.m</string>
			<key>sourceTree</key>
			<string>&lt;group&gt;</string>
		</dict>
		<key>ADC9D5B01821EA5E0019F0DA</key>
		<dict>
			<key>fileEncoding</key>
			<string>4</string>
			<key>isa</key>
			<string>PBXFileReference</string>
			<key>lastKnownFileType</key>
			<string>sourcecode.c.h</string>
			<key>path</key>
			<string>ADVTheme.h</string>
			<key>sourceTree</key>
			<string>&lt;group&gt;</string>
		</dict>
		<key>ADC9D5B11821EA5E0019F0DA</key>
		<dict>
			<key>fileEncoding</key>
			<string>4</string>
			<key>isa</key>
			<string>PBXFileReference</string>
			<key>lastKnownFileType</key>
			<string>sourcecode.c.objc</string>
			<key>path</key>
			<string>ADVTheme.m</string>
			<key>sourceTree</key>
			<string>&lt;group&gt;</string>
		</dict>
		<key>ADC9D5B21821EA5E0019F0DA</key>
		<dict>
			<key>fileRef</key>
			<string>ADC9D5831821EA5E0019F0DA</string>
			<key>isa</key>
			<string>PBXBuildFile</string>
		</dict>
		<key>ADC9D5B31821EA5E0019F0DA</key>
		<dict>
			<key>fileRef</key>
			<string>ADC9D5851821EA5E0019F0DA</string>
			<key>isa</key>
			<string>PBXBuildFile</string>
		</dict>
		<key>ADC9D5B41821EA5E0019F0DA</key>
		<dict>
			<key>fileRef</key>
			<string>ADC9D5871821EA5E0019F0DA</string>
			<key>isa</key>
			<string>PBXBuildFile</string>
		</dict>
		<key>ADC9D5B51821EA5E0019F0DA</key>
		<dict>
			<key>fileRef</key>
			<string>ADC9D5891821EA5E0019F0DA</string>
			<key>isa</key>
			<string>PBXBuildFile</string>
		</dict>
		<key>ADC9D5B61821EA5E0019F0DA</key>
		<dict>
			<key>fileRef</key>
			<string>ADC9D58B1821EA5E0019F0DA</string>
			<key>isa</key>
			<string>PBXBuildFile</string>
		</dict>
		<key>ADC9D5B71821EA5E0019F0DA</key>
		<dict>
			<key>fileRef</key>
			<string>ADC9D58D1821EA5E0019F0DA</string>
			<key>isa</key>
			<string>PBXBuildFile</string>
		</dict>
		<key>ADC9D5B81821EA5E0019F0DA</key>
		<dict>
			<key>fileRef</key>
			<string>ADC9D5901821EA5E0019F0DA</string>
			<key>isa</key>
			<string>PBXBuildFile</string>
		</dict>
		<key>ADC9D5B91821EA5E0019F0DA</key>
		<dict>
			<key>fileRef</key>
			<string>ADC9D5931821EA5E0019F0DA</string>
			<key>isa</key>
			<string>PBXBuildFile</string>
		</dict>
		<key>ADC9D5BA1821EA5E0019F0DA</key>
		<dict>
			<key>fileRef</key>
			<string>ADC9D5951821EA5E0019F0DA</string>
			<key>isa</key>
			<string>PBXBuildFile</string>
		</dict>
		<key>ADC9D5BB1821EA5E0019F0DA</key>
		<dict>
			<key>fileRef</key>
			<string>ADC9D5971821EA5E0019F0DA</string>
			<key>isa</key>
			<string>PBXBuildFile</string>
		</dict>
		<key>ADC9D5BC1821EA5E0019F0DA</key>
		<dict>
			<key>fileRef</key>
			<string>ADC9D5991821EA5E0019F0DA</string>
			<key>isa</key>
			<string>PBXBuildFile</string>
		</dict>
		<key>ADC9D5BD1821EA5E0019F0DA</key>
		<dict>
			<key>fileRef</key>
			<string>ADC9D59B1821EA5E0019F0DA</string>
			<key>isa</key>
			<string>PBXBuildFile</string>
		</dict>
		<key>ADC9D5BE1821EA5E0019F0DA</key>
		<dict>
			<key>fileRef</key>
			<string>ADC9D59D1821EA5E0019F0DA</string>
			<key>isa</key>
			<string>PBXBuildFile</string>
		</dict>
		<key>ADC9D5BF1821EA5E0019F0DA</key>
		<dict>
			<key>fileRef</key>
			<string>ADC9D59F1821EA5E0019F0DA</string>
			<key>isa</key>
			<string>PBXBuildFile</string>
		</dict>
		<key>ADC9D5C01821EA5E0019F0DA</key>
		<dict>
			<key>fileRef</key>
			<string>ADC9D5A11821EA5E0019F0DA</string>
			<key>isa</key>
			<string>PBXBuildFile</string>
		</dict>
		<key>ADC9D5C11821EA5E0019F0DA</key>
		<dict>
			<key>fileRef</key>
			<string>ADC9D5A31821EA5E0019F0DA</string>
			<key>isa</key>
			<string>PBXBuildFile</string>
		</dict>
		<key>ADC9D5C21821EA5E0019F0DA</key>
		<dict>
			<key>fileRef</key>
			<string>ADC9D5A51821EA5E0019F0DA</string>
			<key>isa</key>
			<string>PBXBuildFile</string>
		</dict>
		<key>ADC9D5C31821EA5E0019F0DA</key>
		<dict>
			<key>fileRef</key>
			<string>ADC9D5A71821EA5E0019F0DA</string>
			<key>isa</key>
			<string>PBXBuildFile</string>
		</dict>
		<key>ADC9D5C41821EA5E0019F0DA</key>
		<dict>
			<key>fileRef</key>
			<string>ADC9D5A91821EA5E0019F0DA</string>
			<key>isa</key>
			<string>PBXBuildFile</string>
		</dict>
		<key>ADC9D5C51821EA5E0019F0DA</key>
		<dict>
			<key>fileRef</key>
			<string>ADC9D5AB1821EA5E0019F0DA</string>
			<key>isa</key>
			<string>PBXBuildFile</string>
		</dict>
		<key>ADC9D5C61821EA5E0019F0DA</key>
		<dict>
			<key>fileRef</key>
			<string>ADC9D5AF1821EA5E0019F0DA</string>
			<key>isa</key>
			<string>PBXBuildFile</string>
		</dict>
		<key>ADC9D5C71821EA5E0019F0DA</key>
		<dict>
			<key>fileRef</key>
			<string>ADC9D5B11821EA5E0019F0DA</string>
			<key>isa</key>
			<string>PBXBuildFile</string>
		</dict>
		<key>ADC9D5C81821EA640019F0DA</key>
		<dict>
			<key>children</key>
			<array>
				<string>ADC9D5811821EA5E0019F0DA</string>
				<string>ADC9D58E1821EA5E0019F0DA</string>
				<string>ADC9D5AC1821EA5E0019F0DA</string>
			</array>
			<key>isa</key>
			<string>PBXGroup</string>
			<key>name</key>
			<string>Source</string>
			<key>sourceTree</key>
			<string>&lt;group&gt;</string>
		</dict>
		<key>B6C6448C7A2B04375690DD40</key>
		<dict>
			<key>includeInIndex</key>
			<string>1</string>
			<key>isa</key>
			<string>PBXFileReference</string>
			<key>lastKnownFileType</key>
			<string>text.xcconfig</string>
			<key>name</key>
			<string>Pods.debug.xcconfig</string>
			<key>path</key>
			<string>Pods/Target Support Files/Pods/Pods.debug.xcconfig</string>
			<key>sourceTree</key>
			<string>&lt;group&gt;</string>
		</dict>
		<key>B855CDC77E4152F5D8E45A0F</key>
		<dict>
			<key>children</key>
			<array>
				<string>B6C6448C7A2B04375690DD40</string>
				<string>E2EE66451167886869BF58F8</string>
				<string>51D042E49A9502DA47C279A6</string>
				<string>6EF125394017A1C4D2DE0EA6</string>
			</array>
			<key>isa</key>
			<string>PBXGroup</string>
			<key>name</key>
			<string>Pods</string>
			<key>sourceTree</key>
			<string>&lt;group&gt;</string>
		</dict>
		<key>DA2BBADB988C4CB7877D0A40</key>
		<dict>
			<key>fileRef</key>
			<string>DE93342EB6034523B4D4C87A</string>
			<key>isa</key>
			<string>PBXBuildFile</string>
		</dict>
		<key>DE93342EB6034523B4D4C87A</key>
		<dict>
			<key>explicitFileType</key>
			<string>archive.ar</string>
			<key>includeInIndex</key>
			<string>0</string>
			<key>isa</key>
			<string>PBXFileReference</string>
			<key>path</key>
			<string>libPods-DoubleNodeDemoTests.a</string>
			<key>sourceTree</key>
			<string>BUILT_PRODUCTS_DIR</string>
		</dict>
		<key>E2EE66451167886869BF58F8</key>
		<dict>
			<key>includeInIndex</key>
			<string>1</string>
			<key>isa</key>
			<string>PBXFileReference</string>
			<key>lastKnownFileType</key>
			<string>text.xcconfig</string>
			<key>name</key>
			<string>Pods.release.xcconfig</string>
			<key>path</key>
			<string>Pods/Target Support Files/Pods/Pods.release.xcconfig</string>
			<key>sourceTree</key>
			<string>&lt;group&gt;</string>
		</dict>
		<key>E6A82657FC714FFD82E1CAC5</key>
		<dict>
			<key>explicitFileType</key>
			<string>archive.ar</string>
			<key>includeInIndex</key>
			<string>0</string>
			<key>isa</key>
			<string>PBXFileReference</string>
			<key>path</key>
			<string>libPods.a</string>
			<key>sourceTree</key>
			<string>BUILT_PRODUCTS_DIR</string>
		</dict>
	</dict>
	<key>rootObject</key>
	<string>ADC9D4EA1821A2800019F0DA</string>
</dict>
</plist>
